
Microsoft Visual Studio Solution File, Format Version 12.00
# Visual Studio Version 16
VisualStudioVersion = 16.0.31205.134
MinimumVisualStudioVersion = 10.0.40219.1
Project("{FAE04EC0-301F-11D3-BF4B-00C04F79EFBC}") = "PersonnelRegistrationAutomation", "PersonnelRegistrationAutomation\PersonnelRegistrationAutomation.csproj", "{17F45CEC-3ECF-4888-9426-C7D38D3E612C}"
EndProject
Global
	GlobalSection(SolutionConfigurationPlatforms) = preSolution
		Debug|Any CPU = Debug|Any CPU
		Release|Any CPU = Release|Any CPU
	EndGlobalSection
	GlobalSection(ProjectConfigurationPlatforms) = postSolution
		{17F45CEC-3ECF-4888-9426-C7D38D3E612C}.Debug|Any CPU.ActiveCfg = Debug|Any CPU
		{17F45CEC-3ECF-4888-9426-C7D38D3E612C}.Debug|Any CPU.Build.0 = Debug|Any CPU
		{17F45CEC-3ECF-4888-9426-C7D38D3E612C}.Release|Any CPU.ActiveCfg = Release|Any CPU
		{17F45CEC-3ECF-4888-9426-C7D38D3E612C}.Release|Any CPU.Build.0 = Release|Any CPU
	EndGlobalSection
	GlobalSection(SolutionProperties) = preSolution
		HideSolutionNode = FALSE
	EndGlobalSection
	GlobalSection(ExtensibilityGlobals) = postSolution
		SolutionGuid = {568D72C6-822C-423F-B56A-70DB56FA2C43}
	EndGlobalSection
EndGlobal
